
Microsoft Visual Studio Solution File, Format Version 12.00
# Visual Studio Version 17
VisualStudioVersion = 17.2.32602.215
MinimumVisualStudioVersion = 10.0.40219.1
Project("{888888A0-9F3D-457C-B088-3A5042F75D52}") = "my-pygame-template", "my-pygame-template\my-pygame-template.pyproj", "{D7280C4B-DA8F-4192-B74E-47E4281B3512}"
EndProject
Global
	GlobalSection(SolutionConfigurationPlatforms) = preSolution
		Debug|Any CPU = Debug|Any CPU
		Release|Any CPU = Release|Any CPU
	EndGlobalSection
	GlobalSection(ProjectConfigurationPlatforms) = postSolution
		{D7280C4B-DA8F-4192-B74E-47E4281B3512}.Debug|Any CPU.ActiveCfg = Debug|Any CPU
		{D7280C4B-DA8F-4192-B74E-47E4281B3512}.Release|Any CPU.ActiveCfg = Release|Any CPU
	EndGlobalSection
	GlobalSection(SolutionProperties) = preSolution
		HideSolutionNode = FALSE
	EndGlobalSection
	GlobalSection(ExtensibilityGlobals) = postSolution
		SolutionGuid = {562A60D9-1061-4449-95C2-E954AA298574}
	EndGlobalSection
EndGlobal
